
Microsoft Visual Studio Solution File, Format Version 12.00
# Visual Studio 15
VisualStudioVersion = 15.0.28307.106
MinimumVisualStudioVersion = 10.0.40219.1
Project("{FAE04EC0-301F-11D3-BF4B-00C04F79EFBC}") = "AccountTransaction", "AccountTransaction\AccountTransaction.csproj", "{C58E7E23-E997-4DBA-848B-C0D642C6EFFF}"
EndProject
Global
	GlobalSection(SolutionConfigurationPlatforms) = preSolution
		Debug|Any CPU = Debug|Any CPU
		Release|Any CPU = Release|Any CPU
	EndGlobalSection
	GlobalSection(ProjectConfigurationPlatforms) = postSolution
		{C58E7E23-E997-4DBA-848B-C0D642C6EFFF}.Debug|Any CPU.ActiveCfg = Debug|Any CPU
		{C58E7E23-E997-4DBA-848B-C0D642C6EFFF}.Debug|Any CPU.Build.0 = Debug|Any CPU
		{C58E7E23-E997-4DBA-848B-C0D642C6EFFF}.Release|Any CPU.ActiveCfg = Release|Any CPU
		{C58E7E23-E997-4DBA-848B-C0D642C6EFFF}.Release|Any CPU.Build.0 = Release|Any CPU
	EndGlobalSection
	GlobalSection(SolutionProperties) = preSolution
		HideSolutionNode = FALSE
	EndGlobalSection
	GlobalSection(ExtensibilityGlobals) = postSolution
		SolutionGuid = {4EBB07DA-0E2C-47BD-8869-0C5E08EA69B8}
	EndGlobalSection
EndGlobal
